
Microsoft Visual Studio Solution File, Format Version 12.00
# Visual Studio Version 16
VisualStudioVersion = 16.0.33423.256
MinimumVisualStudioVersion = 10.0.40219.1
Project("{8BC9CEB8-8B4A-11D0-8D11-00A0C91BC942}") = "EncroachingFrost", "EncroachingFrost\EncroachingFrost.vcxproj", "{9612DFD1-58F1-4368-B616-8DF3F9ACB447}"
EndProject
Global
	GlobalSection(SolutionConfigurationPlatforms) = preSolution
		Debug|x64 = Debug|x64
		Release|x64 = Release|x64
	EndGlobalSection
	GlobalSection(ProjectConfigurationPlatforms) = postSolution
		{9612DFD1-58F1-4368-B616-8DF3F9ACB447}.Debug|x64.ActiveCfg = Debug|x64
		{9612DFD1-58F1-4368-B616-8DF3F9ACB447}.Debug|x64.Build.0 = Debug|x64
		{9612DFD1-58F1-4368-B616-8DF3F9ACB447}.Release|x64.ActiveCfg = Release|x64
		{9612DFD1-58F1-4368-B616-8DF3F9ACB447}.Release|x64.Build.0 = Release|x64
	EndGlobalSection
	GlobalSection(SolutionProperties) = preSolution
		HideSolutionNode = FALSE
	EndGlobalSection
	GlobalSection(ExtensibilityGlobals) = postSolution
		SolutionGuid = {70D9C2D0-121E-462E-B911-0E1BFF33C57E}
	EndGlobalSection
EndGlobal
